{
  "name": "userjs",
  "version": "1.0.0",
  "lockfileVersion": 3,
  "requires": true,
  "packages": {
    "": {
      "name": "userjs",
      "version": "1.0.0",
      "license": "GPL-3.0-only",
      "dependencies": {
        "@types/tampermonkey": "^5.0.4",
        "typescript": "^5.8.3"
      }
    },
    "node_modules/@types/tampermonkey": {
      "version": "5.0.4",
      "resolved": "https://registry.npmjs.org/@types/tampermonkey/-/tampermonkey-5.0.4.tgz",
      "integrity": "sha512-HEJ0O5CkDZSwIgd9Zip4xM8o7gZC8zBmJuH1YEXNINIC+aCWEXD10pnpo3NQG5IWHx+Xr4fMSGq1jqeKXH2lpA==",
      "license": "MIT"
    },
    "node_modules/typescript": {
      "version": "5.9.2",
      "resolved": "https://registry.npmjs.org/typescript/-/typescript-5.9.2.tgz",
      "integrity": "sha512-CWBzXQrc/qOkhidw1OzBTQuYRbfyxDXJMVJ1XNwUHGROVmuaeiEm3OslpZ1RV96d7SKKjZKrSJu3+t/xlw3R9A==",
      "license": "Apache-2.0",
      "bin": {
        "tsc": "bin/tsc",
        "tsserver": "bin/tsserver"
      },
      "engines": {
        "node": ">=14.17"
      }
    }
  }
}
